
Microsoft Visual Studio Solution File, Format Version 12.00
# Visual Studio Version 17
VisualStudioVersion = 17.7.34024.191
MinimumVisualStudioVersion = 10.0.40219.1
Project("{FAE04EC0-301F-11D3-BF4B-00C04F79EFBC}") = "API", "API\API.csproj", "{FD53F1EA-3FD5-40E9-A912-E5EA39918899}"
EndProject
Project("{FAE04EC0-301F-11D3-BF4B-00C04F79EFBC}") = "Service", "Service\Service.csproj", "{D7B68FDC-3476-4724-AC3D-C99855A0BA0D}"
EndProject
Global
	GlobalSection(SolutionConfigurationPlatforms) = preSolution
		Debug|Any CPU = Debug|Any CPU
		Release|Any CPU = Release|Any CPU
	EndGlobalSection
	GlobalSection(ProjectConfigurationPlatforms) = postSolution
		{FD53F1EA-3FD5-40E9-A912-E5EA39918899}.Debug|Any CPU.ActiveCfg = Debug|Any CPU
		{FD53F1EA-3FD5-40E9-A912-E5EA39918899}.Debug|Any CPU.Build.0 = Debug|Any CPU
		{FD53F1EA-3FD5-40E9-A912-E5EA39918899}.Release|Any CPU.ActiveCfg = Release|Any CPU
		{FD53F1EA-3FD5-40E9-A912-E5EA39918899}.Release|Any CPU.Build.0 = Release|Any CPU
		{D7B68FDC-3476-4724-AC3D-C99855A0BA0D}.Debug|Any CPU.ActiveCfg = Debug|Any CPU
		{D7B68FDC-3476-4724-AC3D-C99855A0BA0D}.Debug|Any CPU.Build.0 = Debug|Any CPU
		{D7B68FDC-3476-4724-AC3D-C99855A0BA0D}.Release|Any CPU.ActiveCfg = Release|Any CPU
		{D7B68FDC-3476-4724-AC3D-C99855A0BA0D}.Release|Any CPU.Build.0 = Release|Any CPU
	EndGlobalSection
	GlobalSection(SolutionProperties) = preSolution
		HideSolutionNode = FALSE
	EndGlobalSection
	GlobalSection(ExtensibilityGlobals) = postSolution
		SolutionGuid = {D9766701-2BD3-4A9F-B91E-0837982F493D}
	EndGlobalSection
EndGlobal
